
Microsoft Visual Studio Solution File, Format Version 12.00
# Visual Studio Version 17
VisualStudioVersion = 17.11.35222.181
MinimumVisualStudioVersion = 10.0.40219.1
Project("{FAE04EC0-301F-11D3-BF4B-00C04F79EFBC}") = "Backend", "Backend\Backend.csproj", "{D0258A5F-ED73-4753-8A39-03EDB7429442}"
EndProject
Global
	GlobalSection(SolutionConfigurationPlatforms) = preSolution
		Debug|Any CPU = Debug|Any CPU
		Release|Any CPU = Release|Any CPU
	EndGlobalSection
	GlobalSection(ProjectConfigurationPlatforms) = postSolution
		{D0258A5F-ED73-4753-8A39-03EDB7429442}.Debug|Any CPU.ActiveCfg = Debug|Any CPU
		{D0258A5F-ED73-4753-8A39-03EDB7429442}.Debug|Any CPU.Build.0 = Debug|Any CPU
		{D0258A5F-ED73-4753-8A39-03EDB7429442}.Release|Any CPU.ActiveCfg = Release|Any CPU
		{D0258A5F-ED73-4753-8A39-03EDB7429442}.Release|Any CPU.Build.0 = Release|Any CPU
	EndGlobalSection
	GlobalSection(SolutionProperties) = preSolution
		HideSolutionNode = FALSE
	EndGlobalSection
	GlobalSection(ExtensibilityGlobals) = postSolution
		SolutionGuid = {E3117ECB-2A1B-45FD-BF36-1FF718B5E0DE}
	EndGlobalSection
EndGlobal
